// !$*UTF8*$!
{
	archiveVersion = 1;
	classes = {
	};
	objectVersion = 56;
	objects = {

/* Begin PBXBuildFile section */
		5206C1712CC0685A00D8A8BD /* SingleImageViewController.swift in Sources */ = {isa = PBXBuildFile; fileRef = 5206C1702CC0685A00D8A8BD /* SingleImageViewController.swift */; };
		5206C1742CC2CD0000D8A8BD /* Constants.swift in Sources */ = {isa = PBXBuildFile; fileRef = 5206C1732CC2CD0000D8A8BD /* Constants.swift */; };
		5206C1762CC4531400D8A8BD /* AuthViewController.swift in Sources */ = {isa = PBXBuildFile; fileRef = 5206C1752CC4531400D8A8BD /* AuthViewController.swift */; };
		5206C1792CC4539400D8A8BD /* WebViewViewController.swift in Sources */ = {isa = PBXBuildFile; fileRef = 5206C1782CC4539400D8A8BD /* WebViewViewController.swift */; };
		5206C17B2CC6A19A00D8A8BD /* 0Auth2Service.swift in Sources */ = {isa = PBXBuildFile; fileRef = 5206C17A2CC6A19A00D8A8BD /* 0Auth2Service.swift */; };
		5206C17D2CC6A78600D8A8BD /* URLSession+data.swift in Sources */ = {isa = PBXBuildFile; fileRef = 5206C17C2CC6A78600D8A8BD /* URLSession+data.swift */; };
		5206C1812CC6AAEB00D8A8BD /* 0AuthTokenResponseBody.swift in Sources */ = {isa = PBXBuildFile; fileRef = 5206C1802CC6AAEB00D8A8BD /* 0AuthTokenResponseBody.swift */; };
		5206C1832CC6B13900D8A8BD /* 0Auth2TokenStorage.swift in Sources */ = {isa = PBXBuildFile; fileRef = 5206C1822CC6B13900D8A8BD /* 0Auth2TokenStorage.swift */; };
		5206C1852CC6B66100D8A8BD /* SplashViewController.swift in Sources */ = {isa = PBXBuildFile; fileRef = 5206C1842CC6B66100D8A8BD /* SplashViewController.swift */; };
		5206C1872CC704C900D8A8BD /* WebViewViewControllerDelegate.swift in Sources */ = {isa = PBXBuildFile; fileRef = 5206C1862CC704C900D8A8BD /* WebViewViewControllerDelegate.swift */; };
		5206C18A2CC70AF800D8A8BD /* Main.storyboard in Resources */ = {isa = PBXBuildFile; fileRef = 52C4C4BD2CA9D42D00E6BB3C /* Main.storyboard */; };
		5206C18C2CC794E000D8A8BD /* SplashViewControllerDelegate.swift in Sources */ = {isa = PBXBuildFile; fileRef = 5206C18B2CC794E000D8A8BD /* SplashViewControllerDelegate.swift */; };
		5206C18E2CC7952100D8A8BD /* AuthViewControllerDelegate.swift in Sources */ = {isa = PBXBuildFile; fileRef = 5206C18D2CC7952100D8A8BD /* AuthViewControllerDelegate.swift */; };
		5206C1922CC7B40500D8A8BD /* ProgressHUD in Frameworks */ = {isa = PBXBuildFile; productRef = 5206C1912CC7B40500D8A8BD /* ProgressHUD */; };
		523E67FB2CC83DB300B4B174 /* UIBlockingProgressHUD.swift in Sources */ = {isa = PBXBuildFile; fileRef = 523E67FA2CC83DB100B4B174 /* UIBlockingProgressHUD.swift */; };
		523E67FD2CC84D2E00B4B174 /* ProfileService.swift in Sources */ = {isa = PBXBuildFile; fileRef = 523E67FC2CC84D2E00B4B174 /* ProfileService.swift */; };
		523E67FF2CC8D4EB00B4B174 /* ProfileResult.swift in Sources */ = {isa = PBXBuildFile; fileRef = 523E67FE2CC8D4E800B4B174 /* ProfileResult.swift */; };
		523E68012CC8D56100B4B174 /* ProfileModel.swift in Sources */ = {isa = PBXBuildFile; fileRef = 523E68002CC8D55C00B4B174 /* ProfileModel.swift */; };
		523E68042CC8D78200B4B174 /* Errors.swift in Sources */ = {isa = PBXBuildFile; fileRef = 523E68032CC8D77B00B4B174 /* Errors.swift */; };
		523E68062CC8E08700B4B174 /* ProfileImageService.swift in Sources */ = {isa = PBXBuildFile; fileRef = 523E68052CC8E08100B4B174 /* ProfileImageService.swift */; };
		523E68082CC8E0D600B4B174 /* UserResult.swift in Sources */ = {isa = PBXBuildFile; fileRef = 523E68072CC8E0C400B4B174 /* UserResult.swift */; };
		5279B6AF2CBE99EF000EAD37 /* ImagesViewCell.swift in Sources */ = {isa = PBXBuildFile; fileRef = 5279B6AE2CBE99EF000EAD37 /* ImagesViewCell.swift */; };
		5279B6B22CBFD34D000EAD37 /* ProfileViewController.swift in Sources */ = {isa = PBXBuildFile; fileRef = 5279B6B12CBFD34D000EAD37 /* ProfileViewController.swift */; };
		52C4C4B82CA9D42D00E6BB3C /* AppDelegate.swift in Sources */ = {isa = PBXBuildFile; fileRef = 52C4C4B72CA9D42D00E6BB3C /* AppDelegate.swift */; };
		52C4C4BA2CA9D42D00E6BB3C /* SceneDelegate.swift in Sources */ = {isa = PBXBuildFile; fileRef = 52C4C4B92CA9D42D00E6BB3C /* SceneDelegate.swift */; };
		52C4C4BC2CA9D42D00E6BB3C /* ImagesListViewController.swift in Sources */ = {isa = PBXBuildFile; fileRef = 52C4C4BB2CA9D42D00E6BB3C /* ImagesListViewController.swift */; };
		52C4C4C12CA9D42E00E6BB3C /* Assets.xcassets in Resources */ = {isa = PBXBuildFile; fileRef = 52C4C4C02CA9D42E00E6BB3C /* Assets.xcassets */; };
		52C4C4C42CA9D42F00E6BB3C /* LaunchScreen.storyboard in Resources */ = {isa = PBXBuildFile; fileRef = 52C4C4C22CA9D42F00E6BB3C /* LaunchScreen.storyboard */; };
/* End PBXBuildFile section */

/* Begin PBXFileReference section */
		5206C1702CC0685A00D8A8BD /* SingleImageViewController.swift */ = {isa = PBXFileReference; lastKnownFileType = sourcecode.swift; path = SingleImageViewController.swift; sourceTree = "<group>"; };
		5206C1732CC2CD0000D8A8BD /* Constants.swift */ = {isa = PBXFileReference; lastKnownFileType = sourcecode.swift; path = Constants.swift; sourceTree = "<group>"; };
		5206C1752CC4531400D8A8BD /* AuthViewController.swift */ = {isa = PBXFileReference; lastKnownFileType = sourcecode.swift; path = AuthViewController.swift; sourceTree = "<group>"; };
		5206C1782CC4539400D8A8BD /* WebViewViewController.swift */ = {isa = PBXFileReference; lastKnownFileType = sourcecode.swift; path = WebViewViewController.swift; sourceTree = "<group>"; };
		5206C17A2CC6A19A00D8A8BD /* 0Auth2Service.swift */ = {isa = PBXFileReference; lastKnownFileType = sourcecode.swift; path = 0Auth2Service.swift; sourceTree = "<group>"; };
		5206C17C2CC6A78600D8A8BD /* URLSession+data.swift */ = {isa = PBXFileReference; lastKnownFileType = sourcecode.swift; path = "URLSession+data.swift"; sourceTree = "<group>"; };
		5206C1802CC6AAEB00D8A8BD /* 0AuthTokenResponseBody.swift */ = {isa = PBXFileReference; lastKnownFileType = sourcecode.swift; path = 0AuthTokenResponseBody.swift; sourceTree = "<group>"; };
		5206C1822CC6B13900D8A8BD /* 0Auth2TokenStorage.swift */ = {isa = PBXFileReference; lastKnownFileType = sourcecode.swift; path = 0Auth2TokenStorage.swift; sourceTree = "<group>"; };
		5206C1842CC6B66100D8A8BD /* SplashViewController.swift */ = {isa = PBXFileReference; lastKnownFileType = sourcecode.swift; path = SplashViewController.swift; sourceTree = "<group>"; };
		5206C1862CC704C900D8A8BD /* WebViewViewControllerDelegate.swift */ = {isa = PBXFileReference; lastKnownFileType = sourcecode.swift; path = WebViewViewControllerDelegate.swift; sourceTree = "<group>"; };
		5206C18B2CC794E000D8A8BD /* SplashViewControllerDelegate.swift */ = {isa = PBXFileReference; lastKnownFileType = sourcecode.swift; path = SplashViewControllerDelegate.swift; sourceTree = "<group>"; };
		5206C18D2CC7952100D8A8BD /* AuthViewControllerDelegate.swift */ = {isa = PBXFileReference; lastKnownFileType = sourcecode.swift; path = AuthViewControllerDelegate.swift; sourceTree = "<group>"; };
		523E67FA2CC83DB100B4B174 /* UIBlockingProgressHUD.swift */ = {isa = PBXFileReference; lastKnownFileType = sourcecode.swift; path = UIBlockingProgressHUD.swift; sourceTree = "<group>"; };
		523E67FC2CC84D2E00B4B174 /* ProfileService.swift */ = {isa = PBXFileReference; lastKnownFileType = sourcecode.swift; path = ProfileService.swift; sourceTree = "<group>"; };
		523E67FE2CC8D4E800B4B174 /* ProfileResult.swift */ = {isa = PBXFileReference; lastKnownFileType = sourcecode.swift; path = ProfileResult.swift; sourceTree = "<group>"; };
		523E68002CC8D55C00B4B174 /* ProfileModel.swift */ = {isa = PBXFileReference; lastKnownFileType = sourcecode.swift; path = ProfileModel.swift; sourceTree = "<group>"; };
		523E68032CC8D77B00B4B174 /* Errors.swift */ = {isa = PBXFileReference; lastKnownFileType = sourcecode.swift; path = Errors.swift; sourceTree = "<group>"; };
		523E68052CC8E08100B4B174 /* ProfileImageService.swift */ = {isa = PBXFileReference; lastKnownFileType = sourcecode.swift; path = ProfileImageService.swift; sourceTree = "<group>"; };
		523E68072CC8E0C400B4B174 /* UserResult.swift */ = {isa = PBXFileReference; lastKnownFileType = sourcecode.swift; path = UserResult.swift; sourceTree = "<group>"; };
		5279B6AE2CBE99EF000EAD37 /* ImagesViewCell.swift */ = {isa = PBXFileReference; lastKnownFileType = sourcecode.swift; path = ImagesViewCell.swift; sourceTree = "<group>"; };
		5279B6B12CBFD34D000EAD37 /* ProfileViewController.swift */ = {isa = PBXFileReference; lastKnownFileType = sourcecode.swift; path = ProfileViewController.swift; sourceTree = "<group>"; };
		52C4C4B42CA9D42D00E6BB3C /* imageFeed.app */ = {isa = PBXFileReference; explicitFileType = wrapper.application; includeInIndex = 0; path = imageFeed.app; sourceTree = BUILT_PRODUCTS_DIR; };
		52C4C4B72CA9D42D00E6BB3C /* AppDelegate.swift */ = {isa = PBXFileReference; lastKnownFileType = sourcecode.swift; path = AppDelegate.swift; sourceTree = "<group>"; };
		52C4C4B92CA9D42D00E6BB3C /* SceneDelegate.swift */ = {isa = PBXFileReference; lastKnownFileType = sourcecode.swift; path = SceneDelegate.swift; sourceTree = "<group>"; };
		52C4C4BB2CA9D42D00E6BB3C /* ImagesListViewController.swift */ = {isa = PBXFileReference; lastKnownFileType = sourcecode.swift; path = ImagesListViewController.swift; sourceTree = "<group>"; };
		52C4C4BE2CA9D42D00E6BB3C /* Base */ = {isa = PBXFileReference; lastKnownFileType = file.storyboard; name = Base; path = Base.lproj/Main.storyboard; sourceTree = "<group>"; };
		52C4C4C02CA9D42E00E6BB3C /* Assets.xcassets */ = {isa = PBXFileReference; lastKnownFileType = folder.assetcatalog; path = Assets.xcassets; sourceTree = "<group>"; };
		52C4C4C32CA9D42F00E6BB3C /* Base */ = {isa = PBXFileReference; lastKnownFileType = file.storyboard; name = Base; path = Base.lproj/LaunchScreen.storyboard; sourceTree = "<group>"; };
		52C4C4C52CA9D42F00E6BB3C /* Info.plist */ = {isa = PBXFileReference; lastKnownFileType = text.plist.xml; path = Info.plist; sourceTree = "<group>"; };
/* End PBXFileReference section */

/* Begin PBXFrameworksBuildPhase section */
		52C4C4B12CA9D42D00E6BB3C /* Frameworks */ = {
			isa = PBXFrameworksBuildPhase;
			buildActionMask = 2147483647;
			files = (
				5206C1922CC7B40500D8A8BD /* ProgressHUD in Frameworks */,
			);
			runOnlyForDeploymentPostprocessing = 0;
		};
/* End PBXFrameworksBuildPhase section */

/* Begin PBXGroup section */
		5206C1722CC0699600D8A8BD /* SingleImage */ = {
			isa = PBXGroup;
			children = (
				5206C1702CC0685A00D8A8BD /* SingleImageViewController.swift */,
			);
			path = SingleImage;
			sourceTree = "<group>";
		};
		5206C1772CC4532600D8A8BD /* Auth */ = {
			isa = PBXGroup;
			children = (
				523E67FA2CC83DB100B4B174 /* UIBlockingProgressHUD.swift */,
				5206C18F2CC7953600D8A8BD /* Delegates */,
				5206C17F2CC6AACD00D8A8BD /* 0Auth2Service */,
				5206C1752CC4531400D8A8BD /* AuthViewController.swift */,
				5206C1782CC4539400D8A8BD /* WebViewViewController.swift */,
			);
			path = Auth;
			sourceTree = "<group>";
		};
		5206C17E2CC6AABE00D8A8BD /* Services */ = {
			isa = PBXGroup;
			children = (
				5206C17C2CC6A78600D8A8BD /* URLSession+data.swift */,
			);
			path = Services;
			sourceTree = "<group>";
		};
		5206C17F2CC6AACD00D8A8BD /* 0Auth2Service */ = {
			isa = PBXGroup;
			children = (
				5206C17A2CC6A19A00D8A8BD /* 0Auth2Service.swift */,
				5206C1802CC6AAEB00D8A8BD /* 0AuthTokenResponseBody.swift */,
				5206C1822CC6B13900D8A8BD /* 0Auth2TokenStorage.swift */,
			);
			path = 0Auth2Service;
			sourceTree = "<group>";
		};
		5206C18F2CC7953600D8A8BD /* Delegates */ = {
			isa = PBXGroup;
			children = (
				5206C18B2CC794E000D8A8BD /* SplashViewControllerDelegate.swift */,
				5206C1862CC704C900D8A8BD /* WebViewViewControllerDelegate.swift */,
				5206C18D2CC7952100D8A8BD /* AuthViewControllerDelegate.swift */,
			);
			path = Delegates;
			sourceTree = "<group>";
		};
		5279B6B02CBE9A09000EAD37 /* ImageList */ = {
			isa = PBXGroup;
			children = (
				52C4C4BB2CA9D42D00E6BB3C /* ImagesListViewController.swift */,
				5279B6AE2CBE99EF000EAD37 /* ImagesViewCell.swift */,
			);
			path = ImageList;
			sourceTree = "<group>";
		};
		5279B6B32CBFD352000EAD37 /* Profile */ = {
			isa = PBXGroup;
			children = (
				523E68072CC8E0C400B4B174 /* UserResult.swift */,
				523E68052CC8E08100B4B174 /* ProfileImageService.swift */,
				523E67FC2CC84D2E00B4B174 /* ProfileService.swift */,
				523E67FE2CC8D4E800B4B174 /* ProfileResult.swift */,
				523E68002CC8D55C00B4B174 /* ProfileModel.swift */,
				5279B6B12CBFD34D000EAD37 /* ProfileViewController.swift */,
			);
			path = Profile;
			sourceTree = "<group>";
		};
		52C4C4AB2CA9D42D00E6BB3C = {
			isa = PBXGroup;
			children = (
				52C4C4B62CA9D42D00E6BB3C /* imageFeed */,
				52C4C4B52CA9D42D00E6BB3C /* Products */,
			);
			sourceTree = "<group>";
		};
		52C4C4B52CA9D42D00E6BB3C /* Products */ = {
			isa = PBXGroup;
			children = (
				52C4C4B42CA9D42D00E6BB3C /* imageFeed.app */,
			);
			name = Products;
			sourceTree = "<group>";
		};
		52C4C4B62CA9D42D00E6BB3C /* imageFeed */ = {
			isa = PBXGroup;
			children = (
				523E68032CC8D77B00B4B174 /* Errors.swift */,
				52C4C4B72CA9D42D00E6BB3C /* AppDelegate.swift */,
				52C4C4B92CA9D42D00E6BB3C /* SceneDelegate.swift */,
				5206C1732CC2CD0000D8A8BD /* Constants.swift */,
				5206C1842CC6B66100D8A8BD /* SplashViewController.swift */,
				5206C17E2CC6AABE00D8A8BD /* Services */,
				5206C1772CC4532600D8A8BD /* Auth */,
				5206C1722CC0699600D8A8BD /* SingleImage */,
				5279B6B32CBFD352000EAD37 /* Profile */,
				5279B6B02CBE9A09000EAD37 /* ImageList */,
				52C4C4BD2CA9D42D00E6BB3C /* Main.storyboard */,
				52C4C4C02CA9D42E00E6BB3C /* Assets.xcassets */,
				52C4C4C22CA9D42F00E6BB3C /* LaunchScreen.storyboard */,
				52C4C4C52CA9D42F00E6BB3C /* Info.plist */,
			);
			path = imageFeed;
			sourceTree = "<group>";
		};
/* End PBXGroup section */

/* Begin PBXNativeTarget section */
		52C4C4B32CA9D42D00E6BB3C /* imageFeed */ = {
			isa = PBXNativeTarget;
			buildConfigurationList = 52C4C4C82CA9D42F00E6BB3C /* Build configuration list for PBXNativeTarget "imageFeed" */;
			buildPhases = (
				52C4C4B02CA9D42D00E6BB3C /* Sources */,
				52C4C4B12CA9D42D00E6BB3C /* Frameworks */,
				52C4C4B22CA9D42D00E6BB3C /* Resources */,
			);
			buildRules = (
			);
			dependencies = (
			);
			name = imageFeed;
			packageProductDependencies = (
				5206C1912CC7B40500D8A8BD /* ProgressHUD */,
			);
			productName = imageFeed;
			productReference = 52C4C4B42CA9D42D00E6BB3C /* imageFeed.app */;
			productType = "com.apple.product-type.application";
		};
/* End PBXNativeTarget section */

/* Begin PBXProject section */
		52C4C4AC2CA9D42D00E6BB3C /* Project object */ = {
			isa = PBXProject;
			attributes = {
				BuildIndependentTargetsInParallel = 1;
				LastSwiftUpdateCheck = 1430;
				LastUpgradeCheck = 1430;
				TargetAttributes = {
					52C4C4B32CA9D42D00E6BB3C = {
						CreatedOnToolsVersion = 14.3.1;
					};
				};
			};
			buildConfigurationList = 52C4C4AF2CA9D42D00E6BB3C /* Build configuration list for PBXProject "imageFeed" */;
			compatibilityVersion = "Xcode 14.0";
			developmentRegion = en;
			hasScannedForEncodings = 0;
			knownRegions = (
				en,
				Base,
			);
			mainGroup = 52C4C4AB2CA9D42D00E6BB3C;
			packageReferences = (
				5206C1902CC7B40500D8A8BD /* XCRemoteSwiftPackageReference "ProgressHUD" */,
			);
			productRefGroup = 52C4C4B52CA9D42D00E6BB3C /* Products */;
			projectDirPath = "";
			projectRoot = "";
			targets = (
				52C4C4B32CA9D42D00E6BB3C /* imageFeed */,
			);
		};
/* End PBXProject section */

/* Begin PBXResourcesBuildPhase section */
		52C4C4B22CA9D42D00E6BB3C /* Resources */ = {
			isa = PBXResourcesBuildPhase;
			buildActionMask = 2147483647;
			files = (
				5206C18A2CC70AF800D8A8BD /* Main.storyboard in Resources */,
				52C4C4C42CA9D42F00E6BB3C /* LaunchScreen.storyboard in Resources */,
				52C4C4C12CA9D42E00E6BB3C /* Assets.xcassets in Resources */,
			);
			runOnlyForDeploymentPostprocessing = 0;
		};
/* End PBXResourcesBuildPhase section */

/* Begin PBXSourcesBuildPhase section */
		52C4C4B02CA9D42D00E6BB3C /* Sources */ = {
			isa = PBXSourcesBuildPhase;
			buildActionMask = 2147483647;
			files = (
				5206C1832CC6B13900D8A8BD /* 0Auth2TokenStorage.swift in Sources */,
				5279B6AF2CBE99EF000EAD37 /* ImagesViewCell.swift in Sources */,
				52C4C4BC2CA9D42D00E6BB3C /* ImagesListViewController.swift in Sources */,
				5206C1812CC6AAEB00D8A8BD /* 0AuthTokenResponseBody.swift in Sources */,
				5279B6B22CBFD34D000EAD37 /* ProfileViewController.swift in Sources */,
				5206C1852CC6B66100D8A8BD /* SplashViewController.swift in Sources */,
				523E68082CC8E0D600B4B174 /* UserResult.swift in Sources */,
				5206C1872CC704C900D8A8BD /* WebViewViewControllerDelegate.swift in Sources */,
				5206C18E2CC7952100D8A8BD /* AuthViewControllerDelegate.swift in Sources */,
				52C4C4B82CA9D42D00E6BB3C /* AppDelegate.swift in Sources */,
				5206C1762CC4531400D8A8BD /* AuthViewController.swift in Sources */,
				523E68012CC8D56100B4B174 /* ProfileModel.swift in Sources */,
				523E68062CC8E08700B4B174 /* ProfileImageService.swift in Sources */,
				5206C1742CC2CD0000D8A8BD /* Constants.swift in Sources */,
				5206C18C2CC794E000D8A8BD /* SplashViewControllerDelegate.swift in Sources */,
				5206C1712CC0685A00D8A8BD /* SingleImageViewController.swift in Sources */,
				5206C17D2CC6A78600D8A8BD /* URLSession+data.swift in Sources */,
				523E67FD2CC84D2E00B4B174 /* ProfileService.swift in Sources */,
				5206C17B2CC6A19A00D8A8BD /* 0Auth2Service.swift in Sources */,
				5206C1792CC4539400D8A8BD /* WebViewViewController.swift in Sources */,
				523E68042CC8D78200B4B174 /* Errors.swift in Sources */,
				52C4C4BA2CA9D42D00E6BB3C /* SceneDelegate.swift in Sources */,
				523E67FF2CC8D4EB00B4B174 /* ProfileResult.swift in Sources */,
				523E67FB2CC83DB300B4B174 /* UIBlockingProgressHUD.swift in Sources */,
			);
			runOnlyForDeploymentPostprocessing = 0;
		};
/* End PBXSourcesBuildPhase section */

/* Begin PBXVariantGroup section */
		52C4C4BD2CA9D42D00E6BB3C /* Main.storyboard */ = {
			isa = PBXVariantGroup;
			children = (
				52C4C4BE2CA9D42D00E6BB3C /* Base */,
			);
			name = Main.storyboard;
			sourceTree = "<group>";
		};
		52C4C4C22CA9D42F00E6BB3C /* LaunchScreen.storyboard */ = {
			isa = PBXVariantGroup;
			children = (
				52C4C4C32CA9D42F00E6BB3C /* Base */,
			);
			name = LaunchScreen.storyboard;
			sourceTree = "<group>";
		};
/* End PBXVariantGroup section */

/* Begin XCBuildConfiguration section */
		52C4C4C62CA9D42F00E6BB3C /* Debug */ = {
			isa = XCBuildConfiguration;
			buildSettings = {
				ALWAYS_SEARCH_USER_PATHS = NO;
				CLANG_ANALYZER_NONNULL = YES;
				CLANG_ANALYZER_NUMBER_OBJECT_CONVERSION = YES_AGGRESSIVE;
				CLANG_CXX_LANGUAGE_STANDARD = "gnu++20";
				CLANG_ENABLE_MODULES = YES;
				CLANG_ENABLE_OBJC_ARC = YES;
				CLANG_ENABLE_OBJC_WEAK = YES;
				CLANG_WARN_BLOCK_CAPTURE_AUTORELEASING = YES;
				CLANG_WARN_BOOL_CONVERSION = YES;
				CLANG_WARN_COMMA = YES;
				CLANG_WARN_CONSTANT_CONVERSION = YES;
				CLANG_WARN_DEPRECATED_OBJC_IMPLEMENTATIONS = YES;
				CLANG_WARN_DIRECT_OBJC_ISA_USAGE = YES_ERROR;
				CLANG_WARN_DOCUMENTATION_COMMENTS = YES;
				CLANG_WARN_EMPTY_BODY = YES;
				CLANG_WARN_ENUM_CONVERSION = YES;
				CLANG_WARN_INFINITE_RECURSION = YES;
				CLANG_WARN_INT_CONVERSION = YES;
				CLANG_WARN_NON_LITERAL_NULL_CONVERSION = YES;
				CLANG_WARN_OBJC_IMPLICIT_RETAIN_SELF = YES;
				CLANG_WARN_OBJC_LITERAL_CONVERSION = YES;
				CLANG_WARN_OBJC_ROOT_CLASS = YES_ERROR;
				CLANG_WARN_QUOTED_INCLUDE_IN_FRAMEWORK_HEADER = YES;
				CLANG_WARN_RANGE_LOOP_ANALYSIS = YES;
				CLANG_WARN_STRICT_PROTOTYPES = YES;
				CLANG_WARN_SUSPICIOUS_MOVE = YES;
				CLANG_WARN_UNGUARDED_AVAILABILITY = YES_AGGRESSIVE;
				CLANG_WARN_UNREACHABLE_CODE = YES;
				CLANG_WARN__DUPLICATE_METHOD_MATCH = YES;
				COPY_PHASE_STRIP = NO;
				DEBUG_INFORMATION_FORMAT = dwarf;
				ENABLE_STRICT_OBJC_MSGSEND = YES;
				ENABLE_TESTABILITY = YES;
				GCC_C_LANGUAGE_STANDARD = gnu11;
				GCC_DYNAMIC_NO_PIC = NO;
				GCC_NO_COMMON_BLOCKS = YES;
				GCC_OPTIMIZATION_LEVEL = 0;
				GCC_PREPROCESSOR_DEFINITIONS = (
					"DEBUG=1",
					"$(inherited)",
				);
				GCC_WARN_64_TO_32_BIT_CONVERSION = YES;
				GCC_WARN_ABOUT_RETURN_TYPE = YES_ERROR;
				GCC_WARN_UNDECLARED_SELECTOR = YES;
				GCC_WARN_UNINITIALIZED_AUTOS = YES_AGGRESSIVE;
				GCC_WARN_UNUSED_FUNCTION = YES;
				GCC_WARN_UNUSED_VARIABLE = YES;
				IPHONEOS_DEPLOYMENT_TARGET = 13.0;
				MTL_ENABLE_DEBUG_INFO = INCLUDE_SOURCE;
				MTL_FAST_MATH = YES;
				ONLY_ACTIVE_ARCH = YES;
				SDKROOT = iphoneos;
				SWIFT_ACTIVE_COMPILATION_CONDITIONS = DEBUG;
				SWIFT_OPTIMIZATION_LEVEL = "-Onone";
			};
			name = Debug;
		};
		52C4C4C72CA9D42F00E6BB3C /* Release */ = {
			isa = XCBuildConfiguration;
			buildSettings = {
				ALWAYS_SEARCH_USER_PATHS = NO;
				CLANG_ANALYZER_NONNULL = YES;
				CLANG_ANALYZER_NUMBER_OBJECT_CONVERSION = YES_AGGRESSIVE;
				CLANG_CXX_LANGUAGE_STANDARD = "gnu++20";
				CLANG_ENABLE_MODULES = YES;
				CLANG_ENABLE_OBJC_ARC = YES;
				CLANG_ENABLE_OBJC_WEAK = YES;
				CLANG_WARN_BLOCK_CAPTURE_AUTORELEASING = YES;
				CLANG_WARN_BOOL_CONVERSION = YES;
				CLANG_WARN_COMMA = YES;
				CLANG_WARN_CONSTANT_CONVERSION = YES;
				CLANG_WARN_DEPRECATED_OBJC_IMPLEMENTATIONS = YES;
				CLANG_WARN_DIRECT_OBJC_ISA_USAGE = YES_ERROR;
				CLANG_WARN_DOCUMENTATION_COMMENTS = YES;
				CLANG_WARN_EMPTY_BODY = YES;
				CLANG_WARN_ENUM_CONVERSION = YES;
				CLANG_WARN_INFINITE_RECURSION = YES;
				CLANG_WARN_INT_CONVERSION = YES;
				CLANG_WARN_NON_LITERAL_NULL_CONVERSION = YES;
				CLANG_WARN_OBJC_IMPLICIT_RETAIN_SELF = YES;
				CLANG_WARN_OBJC_LITERAL_CONVERSION = YES;
				CLANG_WARN_OBJC_ROOT_CLASS = YES_ERROR;
				CLANG_WARN_QUOTED_INCLUDE_IN_FRAMEWORK_HEADER = YES;
				CLANG_WARN_RANGE_LOOP_ANALYSIS = YES;
				CLANG_WARN_STRICT_PROTOTYPES = YES;
				CLANG_WARN_SUSPICIOUS_MOVE = YES;
				CLANG_WARN_UNGUARDED_AVAILABILITY = YES_AGGRESSIVE;
				CLANG_WARN_UNREACHABLE_CODE = YES;
				CLANG_WARN__DUPLICATE_METHOD_MATCH = YES;
				COPY_PHASE_STRIP = NO;
				DEBUG_INFORMATION_FORMAT = "dwarf-with-dsym";
				ENABLE_NS_ASSERTIONS = NO;
				ENABLE_STRICT_OBJC_MSGSEND = YES;
				GCC_C_LANGUAGE_STANDARD = gnu11;
				GCC_NO_COMMON_BLOCKS = YES;
				GCC_WARN_64_TO_32_BIT_CONVERSION = YES;
				GCC_WARN_ABOUT_RETURN_TYPE = YES_ERROR;
				GCC_WARN_UNDECLARED_SELECTOR = YES;
				GCC_WARN_UNINITIALIZED_AUTOS = YES_AGGRESSIVE;
				GCC_WARN_UNUSED_FUNCTION = YES;
				GCC_WARN_UNUSED_VARIABLE = YES;
				IPHONEOS_DEPLOYMENT_TARGET = 13.0;
				MTL_ENABLE_DEBUG_INFO = NO;
				MTL_FAST_MATH = YES;
				SDKROOT = iphoneos;
				SWIFT_COMPILATION_MODE = wholemodule;
				SWIFT_OPTIMIZATION_LEVEL = "-O";
				VALIDATE_PRODUCT = YES;
			};
			name = Release;
		};
		52C4C4C92CA9D42F00E6BB3C /* Debug */ = {
			isa = XCBuildConfiguration;
			buildSettings = {
				ASSETCATALOG_COMPILER_APPICON_NAME = AppIcon;
				ASSETCATALOG_COMPILER_GLOBAL_ACCENT_COLOR_NAME = AccentColor;
				CODE_SIGN_STYLE = Automatic;
				CURRENT_PROJECT_VERSION = 1;
				DEVELOPMENT_TEAM = V8SP39X8G6;
				GENERATE_INFOPLIST_FILE = YES;
				INFOPLIST_FILE = imageFeed/Info.plist;
				INFOPLIST_KEY_UIApplicationSupportsIndirectInputEvents = YES;
				INFOPLIST_KEY_UILaunchStoryboardName = LaunchScreen;
				INFOPLIST_KEY_UIMainStoryboardFile = Main;
				INFOPLIST_KEY_UISupportedInterfaceOrientations = UIInterfaceOrientationPortrait;
				INFOPLIST_KEY_UISupportedInterfaceOrientations_iPad = "UIInterfaceOrientationLandscapeLeft UIInterfaceOrientationLandscapeRight UIInterfaceOrientationPortrait";
				IPHONEOS_DEPLOYMENT_TARGET = 13.0;
				LD_RUNPATH_SEARCH_PATHS = (
					"$(inherited)",
					"@executable_path/Frameworks",
				);
				MARKETING_VERSION = 1.0;
				PRODUCT_BUNDLE_IDENTIFIER = ru.yandex.practicum.sergeikoloskov.imageFeed;
				PRODUCT_NAME = "$(TARGET_NAME)";
				SUPPORTED_PLATFORMS = "iphoneos iphonesimulator";
				SUPPORTS_MACCATALYST = NO;
				SUPPORTS_MAC_DESIGNED_FOR_IPHONE_IPAD = YES;
				SWIFT_EMIT_LOC_STRINGS = YES;
				SWIFT_VERSION = 5.0;
				TARGETED_DEVICE_FAMILY = 1;
			};
			name = Debug;
		};
		52C4C4CA2CA9D42F00E6BB3C /* Release */ = {
			isa = XCBuildConfiguration;
			buildSettings = {
				ASSETCATALOG_COMPILER_APPICON_NAME = AppIcon;
				ASSETCATALOG_COMPILER_GLOBAL_ACCENT_COLOR_NAME = AccentColor;
				CODE_SIGN_STYLE = Automatic;
				CURRENT_PROJECT_VERSION = 1;
				DEVELOPMENT_TEAM = V8SP39X8G6;
				GENERATE_INFOPLIST_FILE = YES;
				INFOPLIST_FILE = imageFeed/Info.plist;
				INFOPLIST_KEY_UIApplicationSupportsIndirectInputEvents = YES;
				INFOPLIST_KEY_UILaunchStoryboardName = LaunchScreen;
				INFOPLIST_KEY_UIMainStoryboardFile = Main;
				INFOPLIST_KEY_UISupportedInterfaceOrientations = UIInterfaceOrientationPortrait;
				INFOPLIST_KEY_UISupportedInterfaceOrientations_iPad = "UIInterfaceOrientationLandscapeLeft UIInterfaceOrientationLandscapeRight UIInterfaceOrientationPortrait";
				IPHONEOS_DEPLOYMENT_TARGET = 13.0;
				LD_RUNPATH_SEARCH_PATHS = (
					"$(inherited)",
					"@executable_path/Frameworks",
				);
				MARKETING_VERSION = 1.0;
				PRODUCT_BUNDLE_IDENTIFIER = ru.yandex.practicum.sergeikoloskov.imageFeed;
				PRODUCT_NAME = "$(TARGET_NAME)";
				SUPPORTED_PLATFORMS = "iphoneos iphonesimulator";
				SUPPORTS_MACCATALYST = NO;
				SUPPORTS_MAC_DESIGNED_FOR_IPHONE_IPAD = YES;
				SWIFT_EMIT_LOC_STRINGS = YES;
				SWIFT_VERSION = 5.0;
				TARGETED_DEVICE_FAMILY = 1;
			};
			name = Release;
		};
/* End XCBuildConfiguration section */

/* Begin XCConfigurationList section */
		52C4C4AF2CA9D42D00E6BB3C /* Build configuration list for PBXProject "imageFeed" */ = {
			isa = XCConfigurationList;
			buildConfigurations = (
				52C4C4C62CA9D42F00E6BB3C /* Debug */,
				52C4C4C72CA9D42F00E6BB3C /* Release */,
			);
			defaultConfigurationIsVisible = 0;
			defaultConfigurationName = Release;
		};
		52C4C4C82CA9D42F00E6BB3C /* Build configuration list for PBXNativeTarget "imageFeed" */ = {
			isa = XCConfigurationList;
			buildConfigurations = (
				52C4C4C92CA9D42F00E6BB3C /* Debug */,
				52C4C4CA2CA9D42F00E6BB3C /* Release */,
			);
			defaultConfigurationIsVisible = 0;
			defaultConfigurationName = Release;
		};
/* End XCConfigurationList section */

/* Begin XCRemoteSwiftPackageReference section */
		5206C1902CC7B40500D8A8BD /* XCRemoteSwiftPackageReference "ProgressHUD" */ = {
			isa = XCRemoteSwiftPackageReference;
			repositoryURL = "https://github.com/relatedcode/ProgressHUD";
			requirement = {
				kind = exactVersion;
				version = 14.1.1;
			};
		};
/* End XCRemoteSwiftPackageReference section */

/* Begin XCSwiftPackageProductDependency section */
		5206C1912CC7B40500D8A8BD /* ProgressHUD */ = {
			isa = XCSwiftPackageProductDependency;
			package = 5206C1902CC7B40500D8A8BD /* XCRemoteSwiftPackageReference "ProgressHUD" */;
			productName = ProgressHUD;
		};
/* End XCSwiftPackageProductDependency section */
	};
	rootObject = 52C4C4AC2CA9D42D00E6BB3C /* Project object */;
}
